
Microsoft Visual Studio Solution File, Format Version 12.00
Project("{FAE04EC0-301F-11D3-BF4B-00C04F79EFBC}") = "QRGenerator", "QRGenerator\QRGenerator.csproj", "{11710E38-CF28-43CE-B1FF-FF0F0A31A21D}"
EndProject
Global
	GlobalSection(SolutionConfigurationPlatforms) = preSolution
		Debug|Any CPU = Debug|Any CPU
		Release|Any CPU = Release|Any CPU
	EndGlobalSection
	GlobalSection(ProjectConfigurationPlatforms) = postSolution
		{11710E38-CF28-43CE-B1FF-FF0F0A31A21D}.Debug|Any CPU.ActiveCfg = Debug|Any CPU
		{11710E38-CF28-43CE-B1FF-FF0F0A31A21D}.Debug|Any CPU.Build.0 = Debug|Any CPU
		{11710E38-CF28-43CE-B1FF-FF0F0A31A21D}.Release|Any CPU.ActiveCfg = Release|Any CPU
		{11710E38-CF28-43CE-B1FF-FF0F0A31A21D}.Release|Any CPU.Build.0 = Release|Any CPU
	EndGlobalSection
EndGlobal
